// !$*UTF8*$!
{
	archiveVersion = 1;
	classes = {
	};
	objectVersion = 56;
	objects = {

/* Begin PBXBuildFile section */
		66229B452B862E3A00918086 /* AppDelegate.swift in Sources */ = {isa = PBXBuildFile; fileRef = 66229B442B862E3A00918086 /* AppDelegate.swift */; };
		66229B472B862E3A00918086 /* SceneDelegate.swift in Sources */ = {isa = PBXBuildFile; fileRef = 66229B462B862E3A00918086 /* SceneDelegate.swift */; };
		66229B492B862E3A00918086 /* TabViewController.swift in Sources */ = {isa = PBXBuildFile; fileRef = 66229B482B862E3A00918086 /* TabViewController.swift */; };
		66229B4E2B862E3D00918086 /* Assets.xcassets in Resources */ = {isa = PBXBuildFile; fileRef = 66229B4D2B862E3D00918086 /* Assets.xcassets */; };
		66229B512B862E3D00918086 /* LaunchScreen.storyboard in Resources */ = {isa = PBXBuildFile; fileRef = 66229B4F2B862E3D00918086 /* LaunchScreen.storyboard */; };
		66229B602B86329B00918086 /* Location.swift in Sources */ = {isa = PBXBuildFile; fileRef = 66229B5F2B86329B00918086 /* Location.swift */; };
		66229B622B8632AD00918086 /* Character.swift in Sources */ = {isa = PBXBuildFile; fileRef = 66229B612B8632AD00918086 /* Character.swift */; };
		66229B642B8632BA00918086 /* Episode.swift in Sources */ = {isa = PBXBuildFile; fileRef = 66229B632B8632BA00918086 /* Episode.swift */; };
		66229B672B86346C00918086 /* CharacterViewController.swift in Sources */ = {isa = PBXBuildFile; fileRef = 66229B662B86346C00918086 /* CharacterViewController.swift */; };
		66229B692B86347D00918086 /* LocationViewController.swift in Sources */ = {isa = PBXBuildFile; fileRef = 66229B682B86347D00918086 /* LocationViewController.swift */; };
		66229B6B2B86348E00918086 /* EpisodeViewController.swift in Sources */ = {isa = PBXBuildFile; fileRef = 66229B6A2B86348E00918086 /* EpisodeViewController.swift */; };
		66229B6D2B8634A300918086 /* SettingsViewController.swift in Sources */ = {isa = PBXBuildFile; fileRef = 66229B6C2B8634A300918086 /* SettingsViewController.swift */; };
		66229B992B87973800918086 /* Service.swift in Sources */ = {isa = PBXBuildFile; fileRef = 66229B982B87973800918086 /* Service.swift */; };
		66229B9B2B87974500918086 /* Request.swift in Sources */ = {isa = PBXBuildFile; fileRef = 66229B9A2B87974500918086 /* Request.swift */; };
		66229B9D2B87983800918086 /* EndPoint.swift in Sources */ = {isa = PBXBuildFile; fileRef = 66229B9C2B87983800918086 /* EndPoint.swift */; };
		66229B9F2B879F8800918086 /* Origin.swift in Sources */ = {isa = PBXBuildFile; fileRef = 66229B9E2B879F8800918086 /* Origin.swift */; };
		66229BA12B87A02500918086 /* SingleLocation.swift in Sources */ = {isa = PBXBuildFile; fileRef = 66229BA02B87A02500918086 /* SingleLocation.swift */; };
		66229BA32B87A1D500918086 /* CharacterStatus.swift in Sources */ = {isa = PBXBuildFile; fileRef = 66229BA22B87A1D500918086 /* CharacterStatus.swift */; };
		66229BA52B87A1FD00918086 /* CharacterGender.swift in Sources */ = {isa = PBXBuildFile; fileRef = 66229BA42B87A1FD00918086 /* CharacterGender.swift */; };
		66229BA92B8A2B1B00918086 /* GetAllCharactersResponse.swift in Sources */ = {isa = PBXBuildFile; fileRef = 66229BA82B8A2B1B00918086 /* GetAllCharactersResponse.swift */; };
		66229BBD2B8A4CC400918086 /* CharacterListViewViewModel.swift in Sources */ = {isa = PBXBuildFile; fileRef = 66229BBC2B8A4CC400918086 /* CharacterListViewViewModel.swift */; };
		66229BBF2B8A4D5700918086 /* CharacterListView.swift in Sources */ = {isa = PBXBuildFile; fileRef = 66229BBE2B8A4D5700918086 /* CharacterListView.swift */; };
		66229BC12B8A523000918086 /* Extensions.swift in Sources */ = {isa = PBXBuildFile; fileRef = 66229BC02B8A523000918086 /* Extensions.swift */; };
		66229BC32B8B80D600918086 /* CharacterCollectionViewCell.swift in Sources */ = {isa = PBXBuildFile; fileRef = 66229BC22B8B80D600918086 /* CharacterCollectionViewCell.swift */; };
		66229BC52B8B821C00918086 /* CharacterCollectionViewCellViewModel.swift in Sources */ = {isa = PBXBuildFile; fileRef = 66229BC42B8B821C00918086 /* CharacterCollectionViewCellViewModel.swift */; };
		66229BDB2B8F6FFD00918086 /* CharacterDetailViewController.swift in Sources */ = {isa = PBXBuildFile; fileRef = 66229BDA2B8F6FFD00918086 /* CharacterDetailViewController.swift */; };
		66229BDE2B8F709200918086 /* CharacterDetailView.swift in Sources */ = {isa = PBXBuildFile; fileRef = 66229BDD2B8F709200918086 /* CharacterDetailView.swift */; };
		66229BE02B8F70CF00918086 /* CharacterDetailViewViewModel.swift in Sources */ = {isa = PBXBuildFile; fileRef = 66229BDF2B8F70CF00918086 /* CharacterDetailViewViewModel.swift */; };
		66229BE22B8F84D600918086 /* FooterLoadingCollectionReusableView.swift in Sources */ = {isa = PBXBuildFile; fileRef = 66229BE12B8F84D600918086 /* FooterLoadingCollectionReusableView.swift */; };
		66229BE42B92261700918086 /* ImageLoader.swift in Sources */ = {isa = PBXBuildFile; fileRef = 66229BE32B92261700918086 /* ImageLoader.swift */; };
		66229BE82B973DA600918086 /* CharacterPhotoCollectionViewCell.swift in Sources */ = {isa = PBXBuildFile; fileRef = 66229BE72B973DA600918086 /* CharacterPhotoCollectionViewCell.swift */; };
		66229BEA2B973E1100918086 /* CharacterEpisodesCollectionViewCell.swift in Sources */ = {isa = PBXBuildFile; fileRef = 66229BE92B973E1100918086 /* CharacterEpisodesCollectionViewCell.swift */; };
		66229BEC2B973E2C00918086 /* CharacterInfoCollectionViewCell.swift in Sources */ = {isa = PBXBuildFile; fileRef = 66229BEB2B973E2C00918086 /* CharacterInfoCollectionViewCell.swift */; };
		66229BEF2B973EDE00918086 /* CharacterPhotoCollectionViewCellViewModel.swift in Sources */ = {isa = PBXBuildFile; fileRef = 66229BEE2B973EDE00918086 /* CharacterPhotoCollectionViewCellViewModel.swift */; };
		66229BF12B973EF800918086 /* CharacterEpisodesCollectionViewCellViewModel.swift in Sources */ = {isa = PBXBuildFile; fileRef = 66229BF02B973EF800918086 /* CharacterEpisodesCollectionViewCellViewModel.swift */; };
		66229BF32B973F0D00918086 /* CharacterInfoCollectionViewCellViewModel.swift in Sources */ = {isa = PBXBuildFile; fileRef = 66229BF22B973F0D00918086 /* CharacterInfoCollectionViewCellViewModel.swift */; };
		66229BF52B98E7E100918086 /* EpisodeDetailViewController.swift in Sources */ = {isa = PBXBuildFile; fileRef = 66229BF42B98E7E100918086 /* EpisodeDetailViewController.swift */; };
		66229BF72B99FBEB00918086 /* APICacheManager.swift in Sources */ = {isa = PBXBuildFile; fileRef = 66229BF62B99FBEB00918086 /* APICacheManager.swift */; };
		66229BF92B9A017400918086 /* EpisodeDetailViewViewModel.swift in Sources */ = {isa = PBXBuildFile; fileRef = 66229BF82B9A017400918086 /* EpisodeDetailViewViewModel.swift */; };
		66229BFB2B9A020300918086 /* EpisodeDetailView.swift in Sources */ = {isa = PBXBuildFile; fileRef = 66229BFA2B9A020300918086 /* EpisodeDetailView.swift */; };
		66229BFE2B9A072D00918086 /* EpisodeListView.swift in Sources */ = {isa = PBXBuildFile; fileRef = 66229BFD2B9A072D00918086 /* EpisodeListView.swift */; };
		66229C002B9A09C300918086 /* EpisodeListViewViewModel.swift in Sources */ = {isa = PBXBuildFile; fileRef = 66229BFF2B9A09C300918086 /* EpisodeListViewViewModel.swift */; };
		66229C022B9B613700918086 /* GetAllEpisodesResponse.swift in Sources */ = {isa = PBXBuildFile; fileRef = 66229C012B9B613600918086 /* GetAllEpisodesResponse.swift */; };
		66229C042B9B73B900918086 /* SearchViewController.swift in Sources */ = {isa = PBXBuildFile; fileRef = 66229C032B9B73B900918086 /* SearchViewController.swift */; };
		66229C072B9F694000918086 /* EpisodeInfoCollectionViewCell.swift in Sources */ = {isa = PBXBuildFile; fileRef = 66229C062B9F694000918086 /* EpisodeInfoCollectionViewCell.swift */; };
		66229C0A2B9F69DB00918086 /* EpisodeInfoCollectionViewCellViewModel.swift in Sources */ = {isa = PBXBuildFile; fileRef = 66229C092B9F69DB00918086 /* EpisodeInfoCollectionViewCellViewModel.swift */; };
		66229C0D2BA086D400918086 /* SettingsViewViewModel.swift in Sources */ = {isa = PBXBuildFile; fileRef = 66229C0C2BA086D400918086 /* SettingsViewViewModel.swift */; };
		66229C0F2BA0877300918086 /* SettingsCellViewModel.swift in Sources */ = {isa = PBXBuildFile; fileRef = 66229C0E2BA0877300918086 /* SettingsCellViewModel.swift */; };
		66229C112BA087EA00918086 /* SettingsOption.swift in Sources */ = {isa = PBXBuildFile; fileRef = 66229C102BA087EA00918086 /* SettingsOption.swift */; };
		66229C162BA4402900918086 /* SettingsView.swift in Sources */ = {isa = PBXBuildFile; fileRef = 66229C152BA4402900918086 /* SettingsView.swift */; };
/* End PBXBuildFile section */

/* Begin PBXFileReference section */
		66229B412B862E3A00918086 /* RickAndMorty.app */ = {isa = PBXFileReference; explicitFileType = wrapper.application; includeInIndex = 0; path = RickAndMorty.app; sourceTree = BUILT_PRODUCTS_DIR; };
		66229B442B862E3A00918086 /* AppDelegate.swift */ = {isa = PBXFileReference; lastKnownFileType = sourcecode.swift; path = AppDelegate.swift; sourceTree = "<group>"; };
		66229B462B862E3A00918086 /* SceneDelegate.swift */ = {isa = PBXFileReference; lastKnownFileType = sourcecode.swift; path = SceneDelegate.swift; sourceTree = "<group>"; };
		66229B482B862E3A00918086 /* TabViewController.swift */ = {isa = PBXFileReference; lastKnownFileType = sourcecode.swift; path = TabViewController.swift; sourceTree = "<group>"; };
		66229B4D2B862E3D00918086 /* Assets.xcassets */ = {isa = PBXFileReference; lastKnownFileType = folder.assetcatalog; path = Assets.xcassets; sourceTree = "<group>"; };
		66229B502B862E3D00918086 /* Base */ = {isa = PBXFileReference; lastKnownFileType = file.storyboard; name = Base; path = Base.lproj/LaunchScreen.storyboard; sourceTree = "<group>"; };
		66229B522B862E3D00918086 /* Info.plist */ = {isa = PBXFileReference; lastKnownFileType = text.plist.xml; path = Info.plist; sourceTree = "<group>"; };
		66229B5F2B86329B00918086 /* Location.swift */ = {isa = PBXFileReference; lastKnownFileType = sourcecode.swift; path = Location.swift; sourceTree = "<group>"; };
		66229B612B8632AD00918086 /* Character.swift */ = {isa = PBXFileReference; lastKnownFileType = sourcecode.swift; path = Character.swift; sourceTree = "<group>"; };
		66229B632B8632BA00918086 /* Episode.swift */ = {isa = PBXFileReference; lastKnownFileType = sourcecode.swift; path = Episode.swift; sourceTree = "<group>"; };
		66229B662B86346C00918086 /* CharacterViewController.swift */ = {isa = PBXFileReference; lastKnownFileType = sourcecode.swift; path = CharacterViewController.swift; sourceTree = "<group>"; };
		66229B682B86347D00918086 /* LocationViewController.swift */ = {isa = PBXFileReference; lastKnownFileType = sourcecode.swift; path = LocationViewController.swift; sourceTree = "<group>"; };
		66229B6A2B86348E00918086 /* EpisodeViewController.swift */ = {isa = PBXFileReference; lastKnownFileType = sourcecode.swift; path = EpisodeViewController.swift; sourceTree = "<group>"; };
		66229B6C2B8634A300918086 /* SettingsViewController.swift */ = {isa = PBXFileReference; lastKnownFileType = sourcecode.swift; path = SettingsViewController.swift; sourceTree = "<group>"; };
		66229B982B87973800918086 /* Service.swift */ = {isa = PBXFileReference; lastKnownFileType = sourcecode.swift; path = Service.swift; sourceTree = "<group>"; };
		66229B9A2B87974500918086 /* Request.swift */ = {isa = PBXFileReference; lastKnownFileType = sourcecode.swift; path = Request.swift; sourceTree = "<group>"; };
		66229B9C2B87983800918086 /* EndPoint.swift */ = {isa = PBXFileReference; lastKnownFileType = sourcecode.swift; path = EndPoint.swift; sourceTree = "<group>"; };
		66229B9E2B879F8800918086 /* Origin.swift */ = {isa = PBXFileReference; lastKnownFileType = sourcecode.swift; path = Origin.swift; sourceTree = "<group>"; };
		66229BA02B87A02500918086 /* SingleLocation.swift */ = {isa = PBXFileReference; lastKnownFileType = sourcecode.swift; path = SingleLocation.swift; sourceTree = "<group>"; };
		66229BA22B87A1D500918086 /* CharacterStatus.swift */ = {isa = PBXFileReference; lastKnownFileType = sourcecode.swift; path = CharacterStatus.swift; sourceTree = "<group>"; };
		66229BA42B87A1FD00918086 /* CharacterGender.swift */ = {isa = PBXFileReference; lastKnownFileType = sourcecode.swift; path = CharacterGender.swift; sourceTree = "<group>"; };
		66229BA82B8A2B1B00918086 /* GetAllCharactersResponse.swift */ = {isa = PBXFileReference; lastKnownFileType = sourcecode.swift; path = GetAllCharactersResponse.swift; sourceTree = "<group>"; };
		66229BBC2B8A4CC400918086 /* CharacterListViewViewModel.swift */ = {isa = PBXFileReference; lastKnownFileType = sourcecode.swift; path = CharacterListViewViewModel.swift; sourceTree = "<group>"; };
		66229BBE2B8A4D5700918086 /* CharacterListView.swift */ = {isa = PBXFileReference; lastKnownFileType = sourcecode.swift; path = CharacterListView.swift; sourceTree = "<group>"; };
		66229BC02B8A523000918086 /* Extensions.swift */ = {isa = PBXFileReference; lastKnownFileType = sourcecode.swift; path = Extensions.swift; sourceTree = "<group>"; };
		66229BC22B8B80D600918086 /* CharacterCollectionViewCell.swift */ = {isa = PBXFileReference; lastKnownFileType = sourcecode.swift; path = CharacterCollectionViewCell.swift; sourceTree = "<group>"; };
		66229BC42B8B821C00918086 /* CharacterCollectionViewCellViewModel.swift */ = {isa = PBXFileReference; lastKnownFileType = sourcecode.swift; path = CharacterCollectionViewCellViewModel.swift; sourceTree = "<group>"; };
		66229BDA2B8F6FFD00918086 /* CharacterDetailViewController.swift */ = {isa = PBXFileReference; lastKnownFileType = sourcecode.swift; path = CharacterDetailViewController.swift; sourceTree = "<group>"; };
		66229BDD2B8F709200918086 /* CharacterDetailView.swift */ = {isa = PBXFileReference; lastKnownFileType = sourcecode.swift; path = CharacterDetailView.swift; sourceTree = "<group>"; };
		66229BDF2B8F70CF00918086 /* CharacterDetailViewViewModel.swift */ = {isa = PBXFileReference; lastKnownFileType = sourcecode.swift; path = CharacterDetailViewViewModel.swift; sourceTree = "<group>"; };
		66229BE12B8F84D600918086 /* FooterLoadingCollectionReusableView.swift */ = {isa = PBXFileReference; lastKnownFileType = sourcecode.swift; path = FooterLoadingCollectionReusableView.swift; sourceTree = "<group>"; };
		66229BE32B92261700918086 /* ImageLoader.swift */ = {isa = PBXFileReference; lastKnownFileType = sourcecode.swift; path = ImageLoader.swift; sourceTree = "<group>"; };
		66229BE72B973DA600918086 /* CharacterPhotoCollectionViewCell.swift */ = {isa = PBXFileReference; lastKnownFileType = sourcecode.swift; path = CharacterPhotoCollectionViewCell.swift; sourceTree = "<group>"; };
		66229BE92B973E1100918086 /* CharacterEpisodesCollectionViewCell.swift */ = {isa = PBXFileReference; lastKnownFileType = sourcecode.swift; path = CharacterEpisodesCollectionViewCell.swift; sourceTree = "<group>"; };
		66229BEB2B973E2C00918086 /* CharacterInfoCollectionViewCell.swift */ = {isa = PBXFileReference; lastKnownFileType = sourcecode.swift; path = CharacterInfoCollectionViewCell.swift; sourceTree = "<group>"; };
		66229BEE2B973EDE00918086 /* CharacterPhotoCollectionViewCellViewModel.swift */ = {isa = PBXFileReference; lastKnownFileType = sourcecode.swift; path = CharacterPhotoCollectionViewCellViewModel.swift; sourceTree = "<group>"; };
		66229BF02B973EF800918086 /* CharacterEpisodesCollectionViewCellViewModel.swift */ = {isa = PBXFileReference; lastKnownFileType = sourcecode.swift; path = CharacterEpisodesCollectionViewCellViewModel.swift; sourceTree = "<group>"; };
		66229BF22B973F0D00918086 /* CharacterInfoCollectionViewCellViewModel.swift */ = {isa = PBXFileReference; lastKnownFileType = sourcecode.swift; path = CharacterInfoCollectionViewCellViewModel.swift; sourceTree = "<group>"; };
		66229BF42B98E7E100918086 /* EpisodeDetailViewController.swift */ = {isa = PBXFileReference; lastKnownFileType = sourcecode.swift; path = EpisodeDetailViewController.swift; sourceTree = "<group>"; };
		66229BF62B99FBEB00918086 /* APICacheManager.swift */ = {isa = PBXFileReference; lastKnownFileType = sourcecode.swift; path = APICacheManager.swift; sourceTree = "<group>"; };
		66229BF82B9A017400918086 /* EpisodeDetailViewViewModel.swift */ = {isa = PBXFileReference; lastKnownFileType = sourcecode.swift; path = EpisodeDetailViewViewModel.swift; sourceTree = "<group>"; };
		66229BFA2B9A020300918086 /* EpisodeDetailView.swift */ = {isa = PBXFileReference; lastKnownFileType = sourcecode.swift; path = EpisodeDetailView.swift; sourceTree = "<group>"; };
		66229BFD2B9A072D00918086 /* EpisodeListView.swift */ = {isa = PBXFileReference; lastKnownFileType = sourcecode.swift; path = EpisodeListView.swift; sourceTree = "<group>"; };
		66229BFF2B9A09C300918086 /* EpisodeListViewViewModel.swift */ = {isa = PBXFileReference; lastKnownFileType = sourcecode.swift; path = EpisodeListViewViewModel.swift; sourceTree = "<group>"; };
		66229C012B9B613600918086 /* GetAllEpisodesResponse.swift */ = {isa = PBXFileReference; lastKnownFileType = sourcecode.swift; path = GetAllEpisodesResponse.swift; sourceTree = "<group>"; };
		66229C032B9B73B900918086 /* SearchViewController.swift */ = {isa = PBXFileReference; lastKnownFileType = sourcecode.swift; path = SearchViewController.swift; sourceTree = "<group>"; };
		66229C062B9F694000918086 /* EpisodeInfoCollectionViewCell.swift */ = {isa = PBXFileReference; lastKnownFileType = sourcecode.swift; path = EpisodeInfoCollectionViewCell.swift; sourceTree = "<group>"; };
		66229C092B9F69DB00918086 /* EpisodeInfoCollectionViewCellViewModel.swift */ = {isa = PBXFileReference; lastKnownFileType = sourcecode.swift; path = EpisodeInfoCollectionViewCellViewModel.swift; sourceTree = "<group>"; };
		66229C0C2BA086D400918086 /* SettingsViewViewModel.swift */ = {isa = PBXFileReference; lastKnownFileType = sourcecode.swift; path = SettingsViewViewModel.swift; sourceTree = "<group>"; };
		66229C0E2BA0877300918086 /* SettingsCellViewModel.swift */ = {isa = PBXFileReference; lastKnownFileType = sourcecode.swift; path = SettingsCellViewModel.swift; sourceTree = "<group>"; };
		66229C102BA087EA00918086 /* SettingsOption.swift */ = {isa = PBXFileReference; lastKnownFileType = sourcecode.swift; path = SettingsOption.swift; sourceTree = "<group>"; };
		66229C152BA4402900918086 /* SettingsView.swift */ = {isa = PBXFileReference; lastKnownFileType = sourcecode.swift; path = SettingsView.swift; sourceTree = "<group>"; };
/* End PBXFileReference section */

/* Begin PBXFrameworksBuildPhase section */
		66229B3E2B862E3A00918086 /* Frameworks */ = {
			isa = PBXFrameworksBuildPhase;
			buildActionMask = 2147483647;
			files = (
			);
			runOnlyForDeploymentPostprocessing = 0;
		};
/* End PBXFrameworksBuildPhase section */

/* Begin PBXGroup section */
		66229B382B862E3A00918086 = {
			isa = PBXGroup;
			children = (
				66229B432B862E3A00918086 /* RickAndMorty */,
				66229B422B862E3A00918086 /* Products */,
			);
			sourceTree = "<group>";
		};
		66229B422B862E3A00918086 /* Products */ = {
			isa = PBXGroup;
			children = (
				66229B412B862E3A00918086 /* RickAndMorty.app */,
			);
			name = Products;
			sourceTree = "<group>";
		};
		66229B432B862E3A00918086 /* RickAndMorty */ = {
			isa = PBXGroup;
			children = (
				66229B5E2B86321100918086 /* Resources */,
				66229B5D2B8631FB00918086 /* APIClient */,
				66229B5C2B8631E800918086 /* Managers */,
				66229B5B2B8631DD00918086 /* ViewModels */,
				66229B5A2B8631D600918086 /* Views */,
				66229B592B8631CF00918086 /* Models */,
				66229B582B8631C100918086 /* Controllers */,
				66229B522B862E3D00918086 /* Info.plist */,
			);
			path = RickAndMorty;
			sourceTree = "<group>";
		};
		66229B582B8631C100918086 /* Controllers */ = {
			isa = PBXGroup;
			children = (
				66229BDC2B8F700300918086 /* Other */,
				66229B652B86331F00918086 /* Core */,
			);
			path = Controllers;
			sourceTree = "<group>";
		};
		66229B592B8631CF00918086 /* Models */ = {
			isa = PBXGroup;
			children = (
				66229BA72B8A2AF000918086 /* APIResponseTypes */,
				66229BA62B8A2ACE00918086 /* DataTypes */,
			);
			path = Models;
			sourceTree = "<group>";
		};
		66229B5A2B8631D600918086 /* Views */ = {
			isa = PBXGroup;
			children = (
				66229C122BA43FD500918086 /* SwiftUI */,
				66229C052B9F68FA00918086 /* EpisodeDetails */,
				66229BFC2B9A071700918086 /* Episode */,
				66229BE62B973D6A00918086 /* CharacterDetailView */,
				66229BE52B973D4E00918086 /* Character */,
				66229BE12B8F84D600918086 /* FooterLoadingCollectionReusableView.swift */,
			);
			path = Views;
			sourceTree = "<group>";
		};
		66229B5B2B8631DD00918086 /* ViewModels */ = {
			isa = PBXGroup;
			children = (
				66229C0B2BA086A800918086 /* Settings */,
				66229C082B9F694F00918086 /* EpisodeDetail */,
				66229BED2B973EA400918086 /* CharacterDetail */,
				66229BBC2B8A4CC400918086 /* CharacterListViewViewModel.swift */,
				66229BC42B8B821C00918086 /* CharacterCollectionViewCellViewModel.swift */,
				66229BFF2B9A09C300918086 /* EpisodeListViewViewModel.swift */,
			);
			path = ViewModels;
			sourceTree = "<group>";
		};
		66229B5C2B8631E800918086 /* Managers */ = {
			isa = PBXGroup;
			children = (
				66229BE32B92261700918086 /* ImageLoader.swift */,
				66229BF62B99FBEB00918086 /* APICacheManager.swift */,
			);
			path = Managers;
			sourceTree = "<group>";
		};
		66229B5D2B8631FB00918086 /* APIClient */ = {
			isa = PBXGroup;
			children = (
				66229B982B87973800918086 /* Service.swift */,
				66229B9A2B87974500918086 /* Request.swift */,
				66229B9C2B87983800918086 /* EndPoint.swift */,
			);
			path = APIClient;
			sourceTree = "<group>";
		};
		66229B5E2B86321100918086 /* Resources */ = {
			isa = PBXGroup;
			children = (
				66229BC02B8A523000918086 /* Extensions.swift */,
				66229B462B862E3A00918086 /* SceneDelegate.swift */,
				66229B442B862E3A00918086 /* AppDelegate.swift */,
				66229B4F2B862E3D00918086 /* LaunchScreen.storyboard */,
				66229B4D2B862E3D00918086 /* Assets.xcassets */,
			);
			path = Resources;
			sourceTree = "<group>";
		};
		66229B652B86331F00918086 /* Core */ = {
			isa = PBXGroup;
			children = (
				66229B482B862E3A00918086 /* TabViewController.swift */,
				66229B662B86346C00918086 /* CharacterViewController.swift */,
				66229B682B86347D00918086 /* LocationViewController.swift */,
				66229B6A2B86348E00918086 /* EpisodeViewController.swift */,
				66229B6C2B8634A300918086 /* SettingsViewController.swift */,
			);
			path = Core;
			sourceTree = "<group>";
		};
		66229BA62B8A2ACE00918086 /* DataTypes */ = {
			isa = PBXGroup;
			children = (
				66229B5F2B86329B00918086 /* Location.swift */,
				66229B612B8632AD00918086 /* Character.swift */,
				66229B632B8632BA00918086 /* Episode.swift */,
				66229B9E2B879F8800918086 /* Origin.swift */,
				66229BA02B87A02500918086 /* SingleLocation.swift */,
				66229BA22B87A1D500918086 /* CharacterStatus.swift */,
				66229BA42B87A1FD00918086 /* CharacterGender.swift */,
			);
			path = DataTypes;
			sourceTree = "<group>";
		};
		66229BA72B8A2AF000918086 /* APIResponseTypes */ = {
			isa = PBXGroup;
			children = (
				66229BA82B8A2B1B00918086 /* GetAllCharactersResponse.swift */,
				66229C012B9B613600918086 /* GetAllEpisodesResponse.swift */,
			);
			path = APIResponseTypes;
			sourceTree = "<group>";
		};
		66229BDC2B8F700300918086 /* Other */ = {
			isa = PBXGroup;
			children = (
				66229BDA2B8F6FFD00918086 /* CharacterDetailViewController.swift */,
				66229BF42B98E7E100918086 /* EpisodeDetailViewController.swift */,
				66229C032B9B73B900918086 /* SearchViewController.swift */,
			);
			path = Other;
			sourceTree = "<group>";
		};
		66229BE52B973D4E00918086 /* Character */ = {
			isa = PBXGroup;
			children = (
				66229BBE2B8A4D5700918086 /* CharacterListView.swift */,
				66229BC22B8B80D600918086 /* CharacterCollectionViewCell.swift */,
			);
			path = Character;
			sourceTree = "<group>";
		};
		66229BE62B973D6A00918086 /* CharacterDetailView */ = {
			isa = PBXGroup;
			children = (
				66229BDD2B8F709200918086 /* CharacterDetailView.swift */,
				66229BE72B973DA600918086 /* CharacterPhotoCollectionViewCell.swift */,
				66229BEB2B973E2C00918086 /* CharacterInfoCollectionViewCell.swift */,
				66229BE92B973E1100918086 /* CharacterEpisodesCollectionViewCell.swift */,
			);
			path = CharacterDetailView;
			sourceTree = "<group>";
		};
		66229BED2B973EA400918086 /* CharacterDetail */ = {
			isa = PBXGroup;
			children = (
				66229BDF2B8F70CF00918086 /* CharacterDetailViewViewModel.swift */,
				66229BEE2B973EDE00918086 /* CharacterPhotoCollectionViewCellViewModel.swift */,
				66229BF22B973F0D00918086 /* CharacterInfoCollectionViewCellViewModel.swift */,
				66229BF02B973EF800918086 /* CharacterEpisodesCollectionViewCellViewModel.swift */,
			);
			path = CharacterDetail;
			sourceTree = "<group>";
		};
		66229BFC2B9A071700918086 /* Episode */ = {
			isa = PBXGroup;
			children = (
				66229BFD2B9A072D00918086 /* EpisodeListView.swift */,
			);
			path = Episode;
			sourceTree = "<group>";
		};
		66229C052B9F68FA00918086 /* EpisodeDetails */ = {
			isa = PBXGroup;
			children = (
				66229BFA2B9A020300918086 /* EpisodeDetailView.swift */,
				66229C062B9F694000918086 /* EpisodeInfoCollectionViewCell.swift */,
			);
			path = EpisodeDetails;
			sourceTree = "<group>";
		};
		66229C082B9F694F00918086 /* EpisodeDetail */ = {
			isa = PBXGroup;
			children = (
				66229BF82B9A017400918086 /* EpisodeDetailViewViewModel.swift */,
				66229C092B9F69DB00918086 /* EpisodeInfoCollectionViewCellViewModel.swift */,
			);
			path = EpisodeDetail;
			sourceTree = "<group>";
		};
		66229C0B2BA086A800918086 /* Settings */ = {
			isa = PBXGroup;
			children = (
				66229C0C2BA086D400918086 /* SettingsViewViewModel.swift */,
				66229C0E2BA0877300918086 /* SettingsCellViewModel.swift */,
				66229C102BA087EA00918086 /* SettingsOption.swift */,
			);
			path = Settings;
			sourceTree = "<group>";
		};
		66229C122BA43FD500918086 /* SwiftUI */ = {
			isa = PBXGroup;
			children = (
				66229C152BA4402900918086 /* SettingsView.swift */,
			);
			path = SwiftUI;
			sourceTree = "<group>";
		};
/* End PBXGroup section */

/* Begin PBXNativeTarget section */
		66229B402B862E3A00918086 /* RickAndMorty */ = {
			isa = PBXNativeTarget;
			buildConfigurationList = 66229B552B862E3D00918086 /* Build configuration list for PBXNativeTarget "RickAndMorty" */;
			buildPhases = (
				66229B3D2B862E3A00918086 /* Sources */,
				66229B3E2B862E3A00918086 /* Frameworks */,
				66229B3F2B862E3A00918086 /* Resources */,
			);
			buildRules = (
			);
			dependencies = (
			);
			name = RickAndMorty;
			productName = RickAndMorty;
			productReference = 66229B412B862E3A00918086 /* RickAndMorty.app */;
			productType = "com.apple.product-type.application";
		};
/* End PBXNativeTarget section */

/* Begin PBXProject section */
		66229B392B862E3A00918086 /* Project object */ = {
			isa = PBXProject;
			attributes = {
				BuildIndependentTargetsInParallel = 1;
				LastSwiftUpdateCheck = 1500;
				LastUpgradeCheck = 1500;
				TargetAttributes = {
					66229B402B862E3A00918086 = {
						CreatedOnToolsVersion = 15.0.1;
					};
				};
			};
			buildConfigurationList = 66229B3C2B862E3A00918086 /* Build configuration list for PBXProject "RickAndMorty" */;
			compatibilityVersion = "Xcode 14.0";
			developmentRegion = en;
			hasScannedForEncodings = 0;
			knownRegions = (
				en,
				Base,
			);
			mainGroup = 66229B382B862E3A00918086;
			productRefGroup = 66229B422B862E3A00918086 /* Products */;
			projectDirPath = "";
			projectRoot = "";
			targets = (
				66229B402B862E3A00918086 /* RickAndMorty */,
			);
		};
/* End PBXProject section */

/* Begin PBXResourcesBuildPhase section */
		66229B3F2B862E3A00918086 /* Resources */ = {
			isa = PBXResourcesBuildPhase;
			buildActionMask = 2147483647;
			files = (
				66229B512B862E3D00918086 /* LaunchScreen.storyboard in Resources */,
				66229B4E2B862E3D00918086 /* Assets.xcassets in Resources */,
			);
			runOnlyForDeploymentPostprocessing = 0;
		};
/* End PBXResourcesBuildPhase section */

/* Begin PBXSourcesBuildPhase section */
		66229B3D2B862E3A00918086 /* Sources */ = {
			isa = PBXSourcesBuildPhase;
			buildActionMask = 2147483647;
			files = (
				66229B9D2B87983800918086 /* EndPoint.swift in Sources */,
				66229BA32B87A1D500918086 /* CharacterStatus.swift in Sources */,
				66229BBF2B8A4D5700918086 /* CharacterListView.swift in Sources */,
				66229B492B862E3A00918086 /* TabViewController.swift in Sources */,
				66229B9B2B87974500918086 /* Request.swift in Sources */,
				66229C0D2BA086D400918086 /* SettingsViewViewModel.swift in Sources */,
				66229B6B2B86348E00918086 /* EpisodeViewController.swift in Sources */,
				66229BA92B8A2B1B00918086 /* GetAllCharactersResponse.swift in Sources */,
				66229BFB2B9A020300918086 /* EpisodeDetailView.swift in Sources */,
				66229C162BA4402900918086 /* SettingsView.swift in Sources */,
				66229BE82B973DA600918086 /* CharacterPhotoCollectionViewCell.swift in Sources */,
				66229BEA2B973E1100918086 /* CharacterEpisodesCollectionViewCell.swift in Sources */,
				66229BEC2B973E2C00918086 /* CharacterInfoCollectionViewCell.swift in Sources */,
				66229BFE2B9A072D00918086 /* EpisodeListView.swift in Sources */,
				66229B642B8632BA00918086 /* Episode.swift in Sources */,
				66229B6D2B8634A300918086 /* SettingsViewController.swift in Sources */,
				66229B672B86346C00918086 /* CharacterViewController.swift in Sources */,
				66229B452B862E3A00918086 /* AppDelegate.swift in Sources */,
				66229B622B8632AD00918086 /* Character.swift in Sources */,
				66229B602B86329B00918086 /* Location.swift in Sources */,
				66229BDB2B8F6FFD00918086 /* CharacterDetailViewController.swift in Sources */,
				66229C022B9B613700918086 /* GetAllEpisodesResponse.swift in Sources */,
				66229BF72B99FBEB00918086 /* APICacheManager.swift in Sources */,
				66229BE42B92261700918086 /* ImageLoader.swift in Sources */,
				66229BC52B8B821C00918086 /* CharacterCollectionViewCellViewModel.swift in Sources */,
				66229BC12B8A523000918086 /* Extensions.swift in Sources */,
				66229BEF2B973EDE00918086 /* CharacterPhotoCollectionViewCellViewModel.swift in Sources */,
				66229B992B87973800918086 /* Service.swift in Sources */,
				66229B472B862E3A00918086 /* SceneDelegate.swift in Sources */,
				66229B692B86347D00918086 /* LocationViewController.swift in Sources */,
				66229BE22B8F84D600918086 /* FooterLoadingCollectionReusableView.swift in Sources */,
				66229BA52B87A1FD00918086 /* CharacterGender.swift in Sources */,
				66229BF92B9A017400918086 /* EpisodeDetailViewViewModel.swift in Sources */,
				66229BDE2B8F709200918086 /* CharacterDetailView.swift in Sources */,
				66229B9F2B879F8800918086 /* Origin.swift in Sources */,
				66229BF12B973EF800918086 /* CharacterEpisodesCollectionViewCellViewModel.swift in Sources */,
				66229BF32B973F0D00918086 /* CharacterInfoCollectionViewCellViewModel.swift in Sources */,
				66229BF52B98E7E100918086 /* EpisodeDetailViewController.swift in Sources */,
				66229C072B9F694000918086 /* EpisodeInfoCollectionViewCell.swift in Sources */,
				66229C112BA087EA00918086 /* SettingsOption.swift in Sources */,
				66229C042B9B73B900918086 /* SearchViewController.swift in Sources */,
				66229BBD2B8A4CC400918086 /* CharacterListViewViewModel.swift in Sources */,
				66229BC32B8B80D600918086 /* CharacterCollectionViewCell.swift in Sources */,
				66229C002B9A09C300918086 /* EpisodeListViewViewModel.swift in Sources */,
				66229BE02B8F70CF00918086 /* CharacterDetailViewViewModel.swift in Sources */,
				66229C0F2BA0877300918086 /* SettingsCellViewModel.swift in Sources */,
				66229BA12B87A02500918086 /* SingleLocation.swift in Sources */,
				66229C0A2B9F69DB00918086 /* EpisodeInfoCollectionViewCellViewModel.swift in Sources */,
			);
			runOnlyForDeploymentPostprocessing = 0;
		};
/* End PBXSourcesBuildPhase section */

/* Begin PBXVariantGroup section */
		66229B4F2B862E3D00918086 /* LaunchScreen.storyboard */ = {
			isa = PBXVariantGroup;
			children = (
				66229B502B862E3D00918086 /* Base */,
			);
			name = LaunchScreen.storyboard;
			sourceTree = "<group>";
		};
/* End PBXVariantGroup section */

/* Begin XCBuildConfiguration section */
		66229B532B862E3D00918086 /* Debug */ = {
			isa = XCBuildConfiguration;
			buildSettings = {
				ALWAYS_SEARCH_USER_PATHS = NO;
				ASSETCATALOG_COMPILER_GENERATE_SWIFT_ASSET_SYMBOL_EXTENSIONS = YES;
				CLANG_ANALYZER_NONNULL = YES;
				CLANG_ANALYZER_NUMBER_OBJECT_CONVERSION = YES_AGGRESSIVE;
				CLANG_CXX_LANGUAGE_STANDARD = "gnu++20";
				CLANG_ENABLE_MODULES = YES;
				CLANG_ENABLE_OBJC_ARC = YES;
				CLANG_ENABLE_OBJC_WEAK = YES;
				CLANG_WARN_BLOCK_CAPTURE_AUTORELEASING = YES;
				CLANG_WARN_BOOL_CONVERSION = YES;
				CLANG_WARN_COMMA = YES;
				CLANG_WARN_CONSTANT_CONVERSION = YES;
				CLANG_WARN_DEPRECATED_OBJC_IMPLEMENTATIONS = YES;
				CLANG_WARN_DIRECT_OBJC_ISA_USAGE = YES_ERROR;
				CLANG_WARN_DOCUMENTATION_COMMENTS = YES;
				CLANG_WARN_EMPTY_BODY = YES;
				CLANG_WARN_ENUM_CONVERSION = YES;
				CLANG_WARN_INFINITE_RECURSION = YES;
				CLANG_WARN_INT_CONVERSION = YES;
				CLANG_WARN_NON_LITERAL_NULL_CONVERSION = YES;
				CLANG_WARN_OBJC_IMPLICIT_RETAIN_SELF = YES;
				CLANG_WARN_OBJC_LITERAL_CONVERSION = YES;
				CLANG_WARN_OBJC_ROOT_CLASS = YES_ERROR;
				CLANG_WARN_QUOTED_INCLUDE_IN_FRAMEWORK_HEADER = YES;
				CLANG_WARN_RANGE_LOOP_ANALYSIS = YES;
				CLANG_WARN_STRICT_PROTOTYPES = YES;
				CLANG_WARN_SUSPICIOUS_MOVE = YES;
				CLANG_WARN_UNGUARDED_AVAILABILITY = YES_AGGRESSIVE;
				CLANG_WARN_UNREACHABLE_CODE = YES;
				CLANG_WARN__DUPLICATE_METHOD_MATCH = YES;
				COPY_PHASE_STRIP = NO;
				DEBUG_INFORMATION_FORMAT = dwarf;
				ENABLE_STRICT_OBJC_MSGSEND = YES;
				ENABLE_TESTABILITY = YES;
				ENABLE_USER_SCRIPT_SANDBOXING = YES;
				GCC_C_LANGUAGE_STANDARD = gnu17;
				GCC_DYNAMIC_NO_PIC = NO;
				GCC_NO_COMMON_BLOCKS = YES;
				GCC_OPTIMIZATION_LEVEL = 0;
				GCC_PREPROCESSOR_DEFINITIONS = (
					"DEBUG=1",
					"$(inherited)",
				);
				GCC_WARN_64_TO_32_BIT_CONVERSION = YES;
				GCC_WARN_ABOUT_RETURN_TYPE = YES_ERROR;
				GCC_WARN_UNDECLARED_SELECTOR = YES;
				GCC_WARN_UNINITIALIZED_AUTOS = YES_AGGRESSIVE;
				GCC_WARN_UNUSED_FUNCTION = YES;
				GCC_WARN_UNUSED_VARIABLE = YES;
				IPHONEOS_DEPLOYMENT_TARGET = 17.0;
				LOCALIZATION_PREFERS_STRING_CATALOGS = YES;
				MTL_ENABLE_DEBUG_INFO = INCLUDE_SOURCE;
				MTL_FAST_MATH = YES;
				ONLY_ACTIVE_ARCH = YES;
				SDKROOT = iphoneos;
				SWIFT_ACTIVE_COMPILATION_CONDITIONS = "DEBUG $(inherited)";
				SWIFT_OPTIMIZATION_LEVEL = "-Onone";
			};
			name = Debug;
		};
		66229B542B862E3D00918086 /* Release */ = {
			isa = XCBuildConfiguration;
			buildSettings = {
				ALWAYS_SEARCH_USER_PATHS = NO;
				ASSETCATALOG_COMPILER_GENERATE_SWIFT_ASSET_SYMBOL_EXTENSIONS = YES;
				CLANG_ANALYZER_NONNULL = YES;
				CLANG_ANALYZER_NUMBER_OBJECT_CONVERSION = YES_AGGRESSIVE;
				CLANG_CXX_LANGUAGE_STANDARD = "gnu++20";
				CLANG_ENABLE_MODULES = YES;
				CLANG_ENABLE_OBJC_ARC = YES;
				CLANG_ENABLE_OBJC_WEAK = YES;
				CLANG_WARN_BLOCK_CAPTURE_AUTORELEASING = YES;
				CLANG_WARN_BOOL_CONVERSION = YES;
				CLANG_WARN_COMMA = YES;
				CLANG_WARN_CONSTANT_CONVERSION = YES;
				CLANG_WARN_DEPRECATED_OBJC_IMPLEMENTATIONS = YES;
				CLANG_WARN_DIRECT_OBJC_ISA_USAGE = YES_ERROR;
				CLANG_WARN_DOCUMENTATION_COMMENTS = YES;
				CLANG_WARN_EMPTY_BODY = YES;
				CLANG_WARN_ENUM_CONVERSION = YES;
				CLANG_WARN_INFINITE_RECURSION = YES;
				CLANG_WARN_INT_CONVERSION = YES;
				CLANG_WARN_NON_LITERAL_NULL_CONVERSION = YES;
				CLANG_WARN_OBJC_IMPLICIT_RETAIN_SELF = YES;
				CLANG_WARN_OBJC_LITERAL_CONVERSION = YES;
				CLANG_WARN_OBJC_ROOT_CLASS = YES_ERROR;
				CLANG_WARN_QUOTED_INCLUDE_IN_FRAMEWORK_HEADER = YES;
				CLANG_WARN_RANGE_LOOP_ANALYSIS = YES;
				CLANG_WARN_STRICT_PROTOTYPES = YES;
				CLANG_WARN_SUSPICIOUS_MOVE = YES;
				CLANG_WARN_UNGUARDED_AVAILABILITY = YES_AGGRESSIVE;
				CLANG_WARN_UNREACHABLE_CODE = YES;
				CLANG_WARN__DUPLICATE_METHOD_MATCH = YES;
				COPY_PHASE_STRIP = NO;
				DEBUG_INFORMATION_FORMAT = "dwarf-with-dsym";
				ENABLE_NS_ASSERTIONS = NO;
				ENABLE_STRICT_OBJC_MSGSEND = YES;
				ENABLE_USER_SCRIPT_SANDBOXING = YES;
				GCC_C_LANGUAGE_STANDARD = gnu17;
				GCC_NO_COMMON_BLOCKS = YES;
				GCC_WARN_64_TO_32_BIT_CONVERSION = YES;
				GCC_WARN_ABOUT_RETURN_TYPE = YES_ERROR;
				GCC_WARN_UNDECLARED_SELECTOR = YES;
				GCC_WARN_UNINITIALIZED_AUTOS = YES_AGGRESSIVE;
				GCC_WARN_UNUSED_FUNCTION = YES;
				GCC_WARN_UNUSED_VARIABLE = YES;
				IPHONEOS_DEPLOYMENT_TARGET = 17.0;
				LOCALIZATION_PREFERS_STRING_CATALOGS = YES;
				MTL_ENABLE_DEBUG_INFO = NO;
				MTL_FAST_MATH = YES;
				SDKROOT = iphoneos;
				SWIFT_COMPILATION_MODE = wholemodule;
				VALIDATE_PRODUCT = YES;
			};
			name = Release;
		};
		66229B562B862E3D00918086 /* Debug */ = {
			isa = XCBuildConfiguration;
			buildSettings = {
				ASSETCATALOG_COMPILER_APPICON_NAME = AppIcon;
				ASSETCATALOG_COMPILER_GLOBAL_ACCENT_COLOR_NAME = AccentColor;
				CODE_SIGN_STYLE = Automatic;
				CURRENT_PROJECT_VERSION = 1;
				DEVELOPMENT_TEAM = Q453TK55P5;
				GENERATE_INFOPLIST_FILE = YES;
				INFOPLIST_FILE = RickAndMorty/Info.plist;
				INFOPLIST_KEY_UIApplicationSupportsIndirectInputEvents = YES;
				INFOPLIST_KEY_UILaunchStoryboardName = LaunchScreen;
				INFOPLIST_KEY_UISupportedInterfaceOrientations = UIInterfaceOrientationPortrait;
				INFOPLIST_KEY_UISupportedInterfaceOrientations_iPad = "UIInterfaceOrientationLandscapeLeft UIInterfaceOrientationLandscapeRight UIInterfaceOrientationPortrait UIInterfaceOrientationPortraitUpsideDown";
				LD_RUNPATH_SEARCH_PATHS = (
					"$(inherited)",
					"@executable_path/Frameworks",
				);
				MARKETING_VERSION = 1.0;
				PRODUCT_BUNDLE_IDENTIFIER = "Dmitrii-Iakovlev.RickAndMorty";
				PRODUCT_NAME = "$(TARGET_NAME)";
				SUPPORTED_PLATFORMS = "iphoneos iphonesimulator";
				SUPPORTS_MACCATALYST = NO;
				SUPPORTS_MAC_DESIGNED_FOR_IPHONE_IPAD = NO;
				SWIFT_EMIT_LOC_STRINGS = YES;
				SWIFT_VERSION = 5.0;
				TARGETED_DEVICE_FAMILY = 1;
			};
			name = Debug;
		};
		66229B572B862E3D00918086 /* Release */ = {
			isa = XCBuildConfiguration;
			buildSettings = {
				ASSETCATALOG_COMPILER_APPICON_NAME = AppIcon;
				ASSETCATALOG_COMPILER_GLOBAL_ACCENT_COLOR_NAME = AccentColor;
				CODE_SIGN_STYLE = Automatic;
				CURRENT_PROJECT_VERSION = 1;
				DEVELOPMENT_TEAM = Q453TK55P5;
				GENERATE_INFOPLIST_FILE = YES;
				INFOPLIST_FILE = RickAndMorty/Info.plist;
				INFOPLIST_KEY_UIApplicationSupportsIndirectInputEvents = YES;
				INFOPLIST_KEY_UILaunchStoryboardName = LaunchScreen;
				INFOPLIST_KEY_UISupportedInterfaceOrientations = UIInterfaceOrientationPortrait;
				INFOPLIST_KEY_UISupportedInterfaceOrientations_iPad = "UIInterfaceOrientationLandscapeLeft UIInterfaceOrientationLandscapeRight UIInterfaceOrientationPortrait UIInterfaceOrientationPortraitUpsideDown";
				LD_RUNPATH_SEARCH_PATHS = (
					"$(inherited)",
					"@executable_path/Frameworks",
				);
				MARKETING_VERSION = 1.0;
				PRODUCT_BUNDLE_IDENTIFIER = "Dmitrii-Iakovlev.RickAndMorty";
				PRODUCT_NAME = "$(TARGET_NAME)";
				SUPPORTED_PLATFORMS = "iphoneos iphonesimulator";
				SUPPORTS_MACCATALYST = NO;
				SUPPORTS_MAC_DESIGNED_FOR_IPHONE_IPAD = NO;
				SWIFT_EMIT_LOC_STRINGS = YES;
				SWIFT_VERSION = 5.0;
				TARGETED_DEVICE_FAMILY = 1;
			};
			name = Release;
		};
/* End XCBuildConfiguration section */

/* Begin XCConfigurationList section */
		66229B3C2B862E3A00918086 /* Build configuration list for PBXProject "RickAndMorty" */ = {
			isa = XCConfigurationList;
			buildConfigurations = (
				66229B532B862E3D00918086 /* Debug */,
				66229B542B862E3D00918086 /* Release */,
			);
			defaultConfigurationIsVisible = 0;
			defaultConfigurationName = Release;
		};
		66229B552B862E3D00918086 /* Build configuration list for PBXNativeTarget "RickAndMorty" */ = {
			isa = XCConfigurationList;
			buildConfigurations = (
				66229B562B862E3D00918086 /* Debug */,
				66229B572B862E3D00918086 /* Release */,
			);
			defaultConfigurationIsVisible = 0;
			defaultConfigurationName = Release;
		};
/* End XCConfigurationList section */
	};
	rootObject = 66229B392B862E3A00918086 /* Project object */;
}
